// !$*UTF8*$!
{
	archiveVersion = 1;
	classes = {
	};
	objectVersion = 50;
	objects = {

/* Begin PBXBuildFile section */
		AA55A249208E58F200852B0C /* AppDelegate.m in Sources */ = {isa = PBXBuildFile; fileRef = AA55A248208E58F200852B0C /* AppDelegate.m */; };
		AA55A24C208E58F200852B0C /* ViewController.m in Sources */ = {isa = PBXBuildFile; fileRef = AA55A24B208E58F200852B0C /* ViewController.m */; };
		AA55A24F208E58F200852B0C /* Main.storyboard in Resources */ = {isa = PBXBuildFile; fileRef = AA55A24D208E58F200852B0C /* Main.storyboard */; };
		AA55A251208E58F400852B0C /* Assets.xcassets in Resources */ = {isa = PBXBuildFile; fileRef = AA55A250208E58F400852B0C /* Assets.xcassets */; };
		AA55A254208E58F400852B0C /* LaunchScreen.storyboard in Resources */ = {isa = PBXBuildFile; fileRef = AA55A252208E58F400852B0C /* LaunchScreen.storyboard */; };
		AA55A257208E58F400852B0C /* main.m in Sources */ = {isa = PBXBuildFile; fileRef = AA55A256208E58F400852B0C /* main.m */; };
		AA55A25F208E59EE00852B0C /* Sequence.m in Sources */ = {isa = PBXBuildFile; fileRef = AA55A25E208E59EE00852B0C /* Sequence.m */; };
		AA55A262208E5AC700852B0C /* Sequence+SequenceLength.m in Sources */ = {isa = PBXBuildFile; fileRef = AA55A261208E5AC700852B0C /* Sequence+SequenceLength.m */; };
/* End PBXBuildFile section */

/* Begin PBXFileReference section */
		AA55A244208E58F200852B0C /* Sequence.app */ = {isa = PBXFileReference; explicitFileType = wrapper.application; includeInIndex = 0; path = Sequence.app; sourceTree = BUILT_PRODUCTS_DIR; };
		AA55A247208E58F200852B0C /* AppDelegate.h */ = {isa = PBXFileReference; lastKnownFileType = sourcecode.c.h; path = AppDelegate.h; sourceTree = "<group>"; };
		AA55A248208E58F200852B0C /* AppDelegate.m */ = {isa = PBXFileReference; lastKnownFileType = sourcecode.c.objc; path = AppDelegate.m; sourceTree = "<group>"; };
		AA55A24A208E58F200852B0C /* ViewController.h */ = {isa = PBXFileReference; lastKnownFileType = sourcecode.c.h; path = ViewController.h; sourceTree = "<group>"; };
		AA55A24B208E58F200852B0C /* ViewController.m */ = {isa = PBXFileReference; lastKnownFileType = sourcecode.c.objc; path = ViewController.m; sourceTree = "<group>"; };
		AA55A24E208E58F200852B0C /* Base */ = {isa = PBXFileReference; lastKnownFileType = file.storyboard; name = Base; path = Base.lproj/Main.storyboard; sourceTree = "<group>"; };
		AA55A250208E58F400852B0C /* Assets.xcassets */ = {isa = PBXFileReference; lastKnownFileType = folder.assetcatalog; path = Assets.xcassets; sourceTree = "<group>"; };
		AA55A253208E58F400852B0C /* Base */ = {isa = PBXFileReference; lastKnownFileType = file.storyboard; name = Base; path = Base.lproj/LaunchScreen.storyboard; sourceTree = "<group>"; };
		AA55A255208E58F400852B0C /* Info.plist */ = {isa = PBXFileReference; lastKnownFileType = text.plist.xml; path = Info.plist; sourceTree = "<group>"; };
		AA55A256208E58F400852B0C /* main.m */ = {isa = PBXFileReference; lastKnownFileType = sourcecode.c.objc; path = main.m; sourceTree = "<group>"; };
		AA55A25D208E59EE00852B0C /* Sequence.h */ = {isa = PBXFileReference; lastKnownFileType = sourcecode.c.h; path = Sequence.h; sourceTree = "<group>"; };
		AA55A25E208E59EE00852B0C /* Sequence.m */ = {isa = PBXFileReference; lastKnownFileType = sourcecode.c.objc; path = Sequence.m; sourceTree = "<group>"; };
		AA55A260208E5AC700852B0C /* Sequence+SequenceLength.h */ = {isa = PBXFileReference; lastKnownFileType = sourcecode.c.h; path = "Sequence+SequenceLength.h"; sourceTree = "<group>"; };
		AA55A261208E5AC700852B0C /* Sequence+SequenceLength.m */ = {isa = PBXFileReference; lastKnownFileType = sourcecode.c.objc; path = "Sequence+SequenceLength.m"; sourceTree = "<group>"; };
/* End PBXFileReference section */

/* Begin PBXFrameworksBuildPhase section */
		AA55A241208E58F200852B0C /* Frameworks */ = {
			isa = PBXFrameworksBuildPhase;
			buildActionMask = 2147483647;
			files = (
			);
			runOnlyForDeploymentPostprocessing = 0;
		};
/* End PBXFrameworksBuildPhase section */

/* Begin PBXGroup section */
		AA55A23B208E58F200852B0C = {
			isa = PBXGroup;
			children = (
				AA55A246208E58F200852B0C /* Sequence */,
				AA55A245208E58F200852B0C /* Products */,
			);
			sourceTree = "<group>";
		};
		AA55A245208E58F200852B0C /* Products */ = {
			isa = PBXGroup;
			children = (
				AA55A244208E58F200852B0C /* Sequence.app */,
			);
			name = Products;
			sourceTree = "<group>";
		};
		AA55A246208E58F200852B0C /* Sequence */ = {
			isa = PBXGroup;
			children = (
				AA55A247208E58F200852B0C /* AppDelegate.h */,
				AA55A248208E58F200852B0C /* AppDelegate.m */,
				AA55A24A208E58F200852B0C /* ViewController.h */,
				AA55A24B208E58F200852B0C /* ViewController.m */,
				AA55A24D208E58F200852B0C /* Main.storyboard */,
				AA55A250208E58F400852B0C /* Assets.xcassets */,
				AA55A252208E58F400852B0C /* LaunchScreen.storyboard */,
				AA55A255208E58F400852B0C /* Info.plist */,
				AA55A256208E58F400852B0C /* main.m */,
				AA55A25D208E59EE00852B0C /* Sequence.h */,
				AA55A25E208E59EE00852B0C /* Sequence.m */,
				AA55A260208E5AC700852B0C /* Sequence+SequenceLength.h */,
				AA55A261208E5AC700852B0C /* Sequence+SequenceLength.m */,
			);
			path = Sequence;
			sourceTree = "<group>";
		};
/* End PBXGroup section */

/* Begin PBXNativeTarget section */
		AA55A243208E58F200852B0C /* Sequence */ = {
			isa = PBXNativeTarget;
			buildConfigurationList = AA55A25A208E58F400852B0C /* Build configuration list for PBXNativeTarget "Sequence" */;
			buildPhases = (
				AA55A240208E58F200852B0C /* Sources */,
				AA55A241208E58F200852B0C /* Frameworks */,
				AA55A242208E58F200852B0C /* Resources */,
			);
			buildRules = (
			);
			dependencies = (
			);
			name = Sequence;
			productName = Sequence;
			productReference = AA55A244208E58F200852B0C /* Sequence.app */;
			productType = "com.apple.product-type.application";
		};
/* End PBXNativeTarget section */

/* Begin PBXProject section */
		AA55A23C208E58F200852B0C /* Project object */ = {
			isa = PBXProject;
			attributes = {
				LastUpgradeCheck = 0930;
				ORGANIZATIONNAME = "Алексей";
				TargetAttributes = {
					AA55A243208E58F200852B0C = {
						CreatedOnToolsVersion = 9.3;
					};
				};
			};
			buildConfigurationList = AA55A23F208E58F200852B0C /* Build configuration list for PBXProject "Sequence" */;
			compatibilityVersion = "Xcode 9.3";
			developmentRegion = en;
			hasScannedForEncodings = 0;
			knownRegions = (
				en,
				Base,
			);
			mainGroup = AA55A23B208E58F200852B0C;
			productRefGroup = AA55A245208E58F200852B0C /* Products */;
			projectDirPath = "";
			projectRoot = "";
			targets = (
				AA55A243208E58F200852B0C /* Sequence */,
			);
		};
/* End PBXProject section */

/* Begin PBXResourcesBuildPhase section */
		AA55A242208E58F200852B0C /* Resources */ = {
			isa = PBXResourcesBuildPhase;
			buildActionMask = 2147483647;
			files = (
				AA55A254208E58F400852B0C /* LaunchScreen.storyboard in Resources */,
				AA55A251208E58F400852B0C /* Assets.xcassets in Resources */,
				AA55A24F208E58F200852B0C /* Main.storyboard in Resources */,
			);
			runOnlyForDeploymentPostprocessing = 0;
		};
/* End PBXResourcesBuildPhase section */

/* Begin PBXSourcesBuildPhase section */
		AA55A240208E58F200852B0C /* Sources */ = {
			isa = PBXSourcesBuildPhase;
			buildActionMask = 2147483647;
			files = (
				AA55A24C208E58F200852B0C /* ViewController.m in Sources */,
				AA55A257208E58F400852B0C /* main.m in Sources */,
				AA55A25F208E59EE00852B0C /* Sequence.m in Sources */,
				AA55A262208E5AC700852B0C /* Sequence+SequenceLength.m in Sources */,
				AA55A249208E58F200852B0C /* AppDelegate.m in Sources */,
			);
			runOnlyForDeploymentPostprocessing = 0;
		};
/* End PBXSourcesBuildPhase section */

/* Begin PBXVariantGroup section */
		AA55A24D208E58F200852B0C /* Main.storyboard */ = {
			isa = PBXVariantGroup;
			children = (
				AA55A24E208E58F200852B0C /* Base */,
			);
			name = Main.storyboard;
			sourceTree = "<group>";
		};
		AA55A252208E58F400852B0C /* LaunchScreen.storyboard */ = {
			isa = PBXVariantGroup;
			children = (
				AA55A253208E58F400852B0C /* Base */,
			);
			name = LaunchScreen.storyboard;
			sourceTree = "<group>";
		};
/* End PBXVariantGroup section */

/* Begin XCBuildConfiguration section */
		AA55A258208E58F400852B0C /* Debug */ = {
			isa = XCBuildConfiguration;
			buildSettings = {
				ALWAYS_SEARCH_USER_PATHS = NO;
				CLANG_ANALYZER_NONNULL = YES;
				CLANG_ANALYZER_NUMBER_OBJECT_CONVERSION = YES_AGGRESSIVE;
				CLANG_CXX_LANGUAGE_STANDARD = "gnu++14";
				CLANG_CXX_LIBRARY = "libc++";
				CLANG_ENABLE_MODULES = YES;
				CLANG_ENABLE_OBJC_ARC = NO;
				CLANG_ENABLE_OBJC_WEAK = YES;
				CLANG_WARN_BLOCK_CAPTURE_AUTORELEASING = YES;
				CLANG_WARN_BOOL_CONVERSION = YES;
				CLANG_WARN_COMMA = YES;
				CLANG_WARN_CONSTANT_CONVERSION = YES;
				CLANG_WARN_DEPRECATED_OBJC_IMPLEMENTATIONS = YES;
				CLANG_WARN_DIRECT_OBJC_ISA_USAGE = YES_ERROR;
				CLANG_WARN_DOCUMENTATION_COMMENTS = YES;
				CLANG_WARN_EMPTY_BODY = YES;
				CLANG_WARN_ENUM_CONVERSION = YES;
				CLANG_WARN_INFINITE_RECURSION = YES;
				CLANG_WARN_INT_CONVERSION = YES;
				CLANG_WARN_NON_LITERAL_NULL_CONVERSION = YES;
				CLANG_WARN_OBJC_IMPLICIT_RETAIN_SELF = YES;
				CLANG_WARN_OBJC_LITERAL_CONVERSION = YES;
				CLANG_WARN_OBJC_ROOT_CLASS = YES_ERROR;
				CLANG_WARN_RANGE_LOOP_ANALYSIS = YES;
				CLANG_WARN_STRICT_PROTOTYPES = YES;
				CLANG_WARN_SUSPICIOUS_MOVE = YES;
				CLANG_WARN_UNGUARDED_AVAILABILITY = YES_AGGRESSIVE;
				CLANG_WARN_UNREACHABLE_CODE = YES;
				CLANG_WARN__DUPLICATE_METHOD_MATCH = YES;
				CODE_SIGN_IDENTITY = "iPhone Developer";
				COPY_PHASE_STRIP = NO;
				DEBUG_INFORMATION_FORMAT = dwarf;
				ENABLE_STRICT_OBJC_MSGSEND = YES;
				ENABLE_TESTABILITY = YES;
				GCC_C_LANGUAGE_STANDARD = gnu11;
				GCC_DYNAMIC_NO_PIC = NO;
				GCC_NO_COMMON_BLOCKS = YES;
				GCC_OPTIMIZATION_LEVEL = 0;
				GCC_PREPROCESSOR_DEFINITIONS = (
					"DEBUG=1",
					"$(inherited)",
				);
				GCC_WARN_64_TO_32_BIT_CONVERSION = YES;
				GCC_WARN_ABOUT_RETURN_TYPE = YES_ERROR;
				GCC_WARN_UNDECLARED_SELECTOR = YES;
				GCC_WARN_UNINITIALIZED_AUTOS = YES_AGGRESSIVE;
				GCC_WARN_UNUSED_FUNCTION = YES;
				GCC_WARN_UNUSED_VARIABLE = YES;
				IPHONEOS_DEPLOYMENT_TARGET = 11.3;
				MTL_ENABLE_DEBUG_INFO = YES;
				ONLY_ACTIVE_ARCH = YES;
				SDKROOT = iphoneos;
			};
			name = Debug;
		};
		AA55A259208E58F400852B0C /* Release */ = {
			isa = XCBuildConfiguration;
			buildSettings = {
				ALWAYS_SEARCH_USER_PATHS = NO;
				CLANG_ANALYZER_NONNULL = YES;
				CLANG_ANALYZER_NUMBER_OBJECT_CONVERSION = YES_AGGRESSIVE;
				CLANG_CXX_LANGUAGE_STANDARD = "gnu++14";
				CLANG_CXX_LIBRARY = "libc++";
				CLANG_ENABLE_MODULES = YES;
				CLANG_ENABLE_OBJC_ARC = NO;
				CLANG_ENABLE_OBJC_WEAK = YES;
				CLANG_WARN_BLOCK_CAPTURE_AUTORELEASING = YES;
				CLANG_WARN_BOOL_CONVERSION = YES;
				CLANG_WARN_COMMA = YES;
				CLANG_WARN_CONSTANT_CONVERSION = YES;
				CLANG_WARN_DEPRECATED_OBJC_IMPLEMENTATIONS = YES;
				CLANG_WARN_DIRECT_OBJC_ISA_USAGE = YES_ERROR;
				CLANG_WARN_DOCUMENTATION_COMMENTS = YES;
				CLANG_WARN_EMPTY_BODY = YES;
				CLANG_WARN_ENUM_CONVERSION = YES;
				CLANG_WARN_INFINITE_RECURSION = YES;
				CLANG_WARN_INT_CONVERSION = YES;
				CLANG_WARN_NON_LITERAL_NULL_CONVERSION = YES;
				CLANG_WARN_OBJC_IMPLICIT_RETAIN_SELF = YES;
				CLANG_WARN_OBJC_LITERAL_CONVERSION = YES;
				CLANG_WARN_OBJC_ROOT_CLASS = YES_ERROR;
				CLANG_WARN_RANGE_LOOP_ANALYSIS = YES;
				CLANG_WARN_STRICT_PROTOTYPES = YES;
				CLANG_WARN_SUSPICIOUS_MOVE = YES;
				CLANG_WARN_UNGUARDED_AVAILABILITY = YES_AGGRESSIVE;
				CLANG_WARN_UNREACHABLE_CODE = YES;
				CLANG_WARN__DUPLICATE_METHOD_MATCH = YES;
				CODE_SIGN_IDENTITY = "iPhone Developer";
				COPY_PHASE_STRIP = NO;
				DEBUG_INFORMATION_FORMAT = "dwarf-with-dsym";
				ENABLE_NS_ASSERTIONS = NO;
				ENABLE_STRICT_OBJC_MSGSEND = YES;
				GCC_C_LANGUAGE_STANDARD = gnu11;
				GCC_NO_COMMON_BLOCKS = YES;
				GCC_WARN_64_TO_32_BIT_CONVERSION = YES;
				GCC_WARN_ABOUT_RETURN_TYPE = YES_ERROR;
				GCC_WARN_UNDECLARED_SELECTOR = YES;
				GCC_WARN_UNINITIALIZED_AUTOS = YES_AGGRESSIVE;
				GCC_WARN_UNUSED_FUNCTION = YES;
				GCC_WARN_UNUSED_VARIABLE = YES;
				IPHONEOS_DEPLOYMENT_TARGET = 11.3;
				MTL_ENABLE_DEBUG_INFO = NO;
				SDKROOT = iphoneos;
				VALIDATE_PRODUCT = YES;
			};
			name = Release;
		};
		AA55A25B208E58F400852B0C /* Debug */ = {
			isa = XCBuildConfiguration;
			buildSettings = {
				ASSETCATALOG_COMPILER_APPICON_NAME = AppIcon;
				CODE_SIGN_STYLE = Automatic;
				DEVELOPMENT_TEAM = M3L778SRB3;
				INFOPLIST_FILE = Sequence/Info.plist;
				LD_RUNPATH_SEARCH_PATHS = (
					"$(inherited)",
					"@executable_path/Frameworks",
				);
				PRODUCT_BUNDLE_IDENTIFIER = Piatyha.Sequence;
				PRODUCT_NAME = "$(TARGET_NAME)";
				TARGETED_DEVICE_FAMILY = "1,2";
			};
			name = Debug;
		};
		AA55A25C208E58F400852B0C /* Release */ = {
			isa = XCBuildConfiguration;
			buildSettings = {
				ASSETCATALOG_COMPILER_APPICON_NAME = AppIcon;
				CODE_SIGN_STYLE = Automatic;
				DEVELOPMENT_TEAM = M3L778SRB3;
				INFOPLIST_FILE = Sequence/Info.plist;
				LD_RUNPATH_SEARCH_PATHS = (
					"$(inherited)",
					"@executable_path/Frameworks",
				);
				PRODUCT_BUNDLE_IDENTIFIER = Piatyha.Sequence;
				PRODUCT_NAME = "$(TARGET_NAME)";
				TARGETED_DEVICE_FAMILY = "1,2";
			};
			name = Release;
		};
/* End XCBuildConfiguration section */

/* Begin XCConfigurationList section */
		AA55A23F208E58F200852B0C /* Build configuration list for PBXProject "Sequence" */ = {
			isa = XCConfigurationList;
			buildConfigurations = (
				AA55A258208E58F400852B0C /* Debug */,
				AA55A259208E58F400852B0C /* Release */,
			);
			defaultConfigurationIsVisible = 0;
			defaultConfigurationName = Release;
		};
		AA55A25A208E58F400852B0C /* Build configuration list for PBXNativeTarget "Sequence" */ = {
			isa = XCConfigurationList;
			buildConfigurations = (
				AA55A25B208E58F400852B0C /* Debug */,
				AA55A25C208E58F400852B0C /* Release */,
			);
			defaultConfigurationIsVisible = 0;
			defaultConfigurationName = Release;
		};
/* End XCConfigurationList section */
	};
	rootObject = AA55A23C208E58F200852B0C /* Project object */;
}
